
Microsoft Visual Studio Solution File, Format Version 12.00
# Visual Studio Version 17
VisualStudioVersion = 17.0.31903.59
MinimumVisualStudioVersion = 10.0.40219.1
Project("{FAE04EC0-301F-11D3-BF4B-00C04F79EFBC}") = "WcfService", "WcfService\WcfService.csproj", "{213258C7-E88D-4A7F-B586-73BAC3F05EC5}"
EndProject
Project("{FAE04EC0-301F-11D3-BF4B-00C04F79EFBC}") = "WcfClient", "..\Client\WcfClient\WcfClient.csproj", "{29CE6195-D63D-427E-BE2B-592B4A917679}"
EndProject
Global
	GlobalSection(SolutionConfigurationPlatforms) = preSolution
		Debug|Any CPU = Debug|Any CPU
		Release|Any CPU = Release|Any CPU
	EndGlobalSection
	GlobalSection(ProjectConfigurationPlatforms) = postSolution
		{213258C7-E88D-4A7F-B586-73BAC3F05EC5}.Debug|Any CPU.ActiveCfg = Debug|Any CPU
		{213258C7-E88D-4A7F-B586-73BAC3F05EC5}.Debug|Any CPU.Build.0 = Debug|Any CPU
		{213258C7-E88D-4A7F-B586-73BAC3F05EC5}.Release|Any CPU.ActiveCfg = Release|Any CPU
		{213258C7-E88D-4A7F-B586-73BAC3F05EC5}.Release|Any CPU.Build.0 = Release|Any CPU
		{29CE6195-D63D-427E-BE2B-592B4A917679}.Debug|Any CPU.ActiveCfg = Debug|Any CPU
		{29CE6195-D63D-427E-BE2B-592B4A917679}.Debug|Any CPU.Build.0 = Debug|Any CPU
		{29CE6195-D63D-427E-BE2B-592B4A917679}.Release|Any CPU.ActiveCfg = Release|Any CPU
		{29CE6195-D63D-427E-BE2B-592B4A917679}.Release|Any CPU.Build.0 = Release|Any CPU
	EndGlobalSection
	GlobalSection(SolutionProperties) = preSolution
		HideSolutionNode = FALSE
	EndGlobalSection
EndGlobal
